
Microsoft Visual Studio Solution File, Format Version 12.00
# Visual Studio 15
VisualStudioVersion = 15.0.28010.2019
MinimumVisualStudioVersion = 10.0.40219.1
Project("{FAE04EC0-301F-11D3-BF4B-00C04F79EFBC}") = "Program1", "Program1\Program1.csproj", "{C9CE1E11-B712-411F-8023-3350BE8C9FFF}"
EndProject
Project("{FAE04EC0-301F-11D3-BF4B-00C04F79EFBC}") = "Program2", "Program2\Program2.csproj", "{A70789A8-3103-4049-89E1-E1CE6B910DDA}"
EndProject
Global
	GlobalSection(SolutionConfigurationPlatforms) = preSolution
		Debug|Any CPU = Debug|Any CPU
		Release|Any CPU = Release|Any CPU
	EndGlobalSection
	GlobalSection(ProjectConfigurationPlatforms) = postSolution
		{C9CE1E11-B712-411F-8023-3350BE8C9FFF}.Debug|Any CPU.ActiveCfg = Debug|Any CPU
		{C9CE1E11-B712-411F-8023-3350BE8C9FFF}.Debug|Any CPU.Build.0 = Debug|Any CPU
		{C9CE1E11-B712-411F-8023-3350BE8C9FFF}.Release|Any CPU.ActiveCfg = Release|Any CPU
		{C9CE1E11-B712-411F-8023-3350BE8C9FFF}.Release|Any CPU.Build.0 = Release|Any CPU
		{A70789A8-3103-4049-89E1-E1CE6B910DDA}.Debug|Any CPU.ActiveCfg = Debug|Any CPU
		{A70789A8-3103-4049-89E1-E1CE6B910DDA}.Debug|Any CPU.Build.0 = Debug|Any CPU
		{A70789A8-3103-4049-89E1-E1CE6B910DDA}.Release|Any CPU.ActiveCfg = Release|Any CPU
		{A70789A8-3103-4049-89E1-E1CE6B910DDA}.Release|Any CPU.Build.0 = Release|Any CPU
	EndGlobalSection
	GlobalSection(SolutionProperties) = preSolution
		HideSolutionNode = FALSE
	EndGlobalSection
	GlobalSection(ExtensibilityGlobals) = postSolution
		SolutionGuid = {B3E89E14-EBFF-4074-8F39-59C92A8F03F6}
	EndGlobalSection
EndGlobal
