
Microsoft Visual Studio Solution File, Format Version 12.00
# Visual Studio 15
VisualStudioVersion = 15.0.28010.2019
MinimumVisualStudioVersion = 10.0.40219.1
Project("{FAE04EC0-301F-11D3-BF4B-00C04F79EFBC}") = "question4", "homework1question4\question4.csproj", "{32DEB8BE-7D50-40A2-BA23-75DC4FD4F100}"
EndProject
Project("{FAE04EC0-301F-11D3-BF4B-00C04F79EFBC}") = "question5", "question5\question5.csproj", "{342F990B-ACAC-4333-8154-51906E0C3A5E}"
EndProject
Global
	GlobalSection(SolutionConfigurationPlatforms) = preSolution
		Debug|Any CPU = Debug|Any CPU
		Release|Any CPU = Release|Any CPU
	EndGlobalSection
	GlobalSection(ProjectConfigurationPlatforms) = postSolution
		{32DEB8BE-7D50-40A2-BA23-75DC4FD4F100}.Debug|Any CPU.ActiveCfg = Debug|Any CPU
		{32DEB8BE-7D50-40A2-BA23-75DC4FD4F100}.Debug|Any CPU.Build.0 = Debug|Any CPU
		{32DEB8BE-7D50-40A2-BA23-75DC4FD4F100}.Release|Any CPU.ActiveCfg = Release|Any CPU
		{32DEB8BE-7D50-40A2-BA23-75DC4FD4F100}.Release|Any CPU.Build.0 = Release|Any CPU
		{342F990B-ACAC-4333-8154-51906E0C3A5E}.Debug|Any CPU.ActiveCfg = Debug|Any CPU
		{342F990B-ACAC-4333-8154-51906E0C3A5E}.Debug|Any CPU.Build.0 = Debug|Any CPU
		{342F990B-ACAC-4333-8154-51906E0C3A5E}.Release|Any CPU.ActiveCfg = Release|Any CPU
		{342F990B-ACAC-4333-8154-51906E0C3A5E}.Release|Any CPU.Build.0 = Release|Any CPU
	EndGlobalSection
	GlobalSection(SolutionProperties) = preSolution
		HideSolutionNode = FALSE
	EndGlobalSection
	GlobalSection(ExtensibilityGlobals) = postSolution
		SolutionGuid = {6B791E3C-9E80-427B-B1E4-077B222A8DBF}
	EndGlobalSection
EndGlobal
