
Microsoft Visual Studio Solution File, Format Version 12.00
# Visual Studio 15
VisualStudioVersion = 15.0.28010.2019
MinimumVisualStudioVersion = 10.0.40219.1
Project("{FAE04EC0-301F-11D3-BF4B-00C04F79EFBC}") = "program1", "program1\program1.csproj", "{BBC9AB6F-557F-45BB-8713-173D0F507A47}"
EndProject
Project("{FAE04EC0-301F-11D3-BF4B-00C04F79EFBC}") = "program2", "program2\program2.csproj", "{76DF1AA4-745C-48C5-8FA7-599E93A538C1}"
EndProject
Global
	GlobalSection(SolutionConfigurationPlatforms) = preSolution
		Debug|Any CPU = Debug|Any CPU
		Release|Any CPU = Release|Any CPU
	EndGlobalSection
	GlobalSection(ProjectConfigurationPlatforms) = postSolution
		{BBC9AB6F-557F-45BB-8713-173D0F507A47}.Debug|Any CPU.ActiveCfg = Debug|Any CPU
		{BBC9AB6F-557F-45BB-8713-173D0F507A47}.Debug|Any CPU.Build.0 = Debug|Any CPU
		{BBC9AB6F-557F-45BB-8713-173D0F507A47}.Release|Any CPU.ActiveCfg = Release|Any CPU
		{BBC9AB6F-557F-45BB-8713-173D0F507A47}.Release|Any CPU.Build.0 = Release|Any CPU
		{76DF1AA4-745C-48C5-8FA7-599E93A538C1}.Debug|Any CPU.ActiveCfg = Debug|Any CPU
		{76DF1AA4-745C-48C5-8FA7-599E93A538C1}.Debug|Any CPU.Build.0 = Debug|Any CPU
		{76DF1AA4-745C-48C5-8FA7-599E93A538C1}.Release|Any CPU.ActiveCfg = Release|Any CPU
		{76DF1AA4-745C-48C5-8FA7-599E93A538C1}.Release|Any CPU.Build.0 = Release|Any CPU
	EndGlobalSection
	GlobalSection(SolutionProperties) = preSolution
		HideSolutionNode = FALSE
	EndGlobalSection
	GlobalSection(ExtensibilityGlobals) = postSolution
		SolutionGuid = {5F9F8570-DA49-4B20-88DE-EF747E4BC41C}
	EndGlobalSection
EndGlobal
