
Microsoft Visual Studio Solution File, Format Version 12.00
# Visual Studio 15
VisualStudioVersion = 15.0.28010.2019
MinimumVisualStudioVersion = 10.0.40219.1
Project("{FAE04EC0-301F-11D3-BF4B-00C04F79EFBC}") = "question6", "question6\question6.csproj", "{1AFA8D02-5E25-4B43-B1AA-48997F2AEA14}"
EndProject
Project("{FAE04EC0-301F-11D3-BF4B-00C04F79EFBC}") = "question7", "question7\question7.csproj", "{5993330F-CEE0-4403-8D3A-7669FD7DDE7B}"
EndProject
Project("{FAE04EC0-301F-11D3-BF4B-00C04F79EFBC}") = "question9", "question9\question9.csproj", "{7B7F215A-9D7D-4C33-AA21-0BF9B0AD6261}"
EndProject
Global
	GlobalSection(SolutionConfigurationPlatforms) = preSolution
		Debug|Any CPU = Debug|Any CPU
		Release|Any CPU = Release|Any CPU
	EndGlobalSection
	GlobalSection(ProjectConfigurationPlatforms) = postSolution
		{1AFA8D02-5E25-4B43-B1AA-48997F2AEA14}.Debug|Any CPU.ActiveCfg = Debug|Any CPU
		{1AFA8D02-5E25-4B43-B1AA-48997F2AEA14}.Debug|Any CPU.Build.0 = Debug|Any CPU
		{1AFA8D02-5E25-4B43-B1AA-48997F2AEA14}.Release|Any CPU.ActiveCfg = Release|Any CPU
		{1AFA8D02-5E25-4B43-B1AA-48997F2AEA14}.Release|Any CPU.Build.0 = Release|Any CPU
		{5993330F-CEE0-4403-8D3A-7669FD7DDE7B}.Debug|Any CPU.ActiveCfg = Debug|Any CPU
		{5993330F-CEE0-4403-8D3A-7669FD7DDE7B}.Debug|Any CPU.Build.0 = Debug|Any CPU
		{5993330F-CEE0-4403-8D3A-7669FD7DDE7B}.Release|Any CPU.ActiveCfg = Release|Any CPU
		{5993330F-CEE0-4403-8D3A-7669FD7DDE7B}.Release|Any CPU.Build.0 = Release|Any CPU
		{7B7F215A-9D7D-4C33-AA21-0BF9B0AD6261}.Debug|Any CPU.ActiveCfg = Debug|Any CPU
		{7B7F215A-9D7D-4C33-AA21-0BF9B0AD6261}.Debug|Any CPU.Build.0 = Debug|Any CPU
		{7B7F215A-9D7D-4C33-AA21-0BF9B0AD6261}.Release|Any CPU.ActiveCfg = Release|Any CPU
		{7B7F215A-9D7D-4C33-AA21-0BF9B0AD6261}.Release|Any CPU.Build.0 = Release|Any CPU
	EndGlobalSection
	GlobalSection(SolutionProperties) = preSolution
		HideSolutionNode = FALSE
	EndGlobalSection
	GlobalSection(ExtensibilityGlobals) = postSolution
		SolutionGuid = {082FEB8A-EB55-4FE4-825B-387E59BC884E}
	EndGlobalSection
EndGlobal
