
Microsoft Visual Studio Solution File, Format Version 12.00
# Visual Studio 15
VisualStudioVersion = 15.0.28010.2019
MinimumVisualStudioVersion = 10.0.40219.1
Project("{FAE04EC0-301F-11D3-BF4B-00C04F79EFBC}") = "homework6", "homework6\homework6.csproj", "{DBD0F842-3CDD-4D46-B0E6-1C876F15A837}"
EndProject
Project("{FAE04EC0-301F-11D3-BF4B-00C04F79EFBC}") = "homework6Texts", "homework6Texts\homework6Texts.csproj", "{90EA8ECC-C31A-47E7-ABC0-7C1EAEEA54DD}"
EndProject
Global
	GlobalSection(SolutionConfigurationPlatforms) = preSolution
		Debug|Any CPU = Debug|Any CPU
		Release|Any CPU = Release|Any CPU
	EndGlobalSection
	GlobalSection(ProjectConfigurationPlatforms) = postSolution
		{DBD0F842-3CDD-4D46-B0E6-1C876F15A837}.Debug|Any CPU.ActiveCfg = Debug|Any CPU
		{DBD0F842-3CDD-4D46-B0E6-1C876F15A837}.Debug|Any CPU.Build.0 = Debug|Any CPU
		{DBD0F842-3CDD-4D46-B0E6-1C876F15A837}.Release|Any CPU.ActiveCfg = Release|Any CPU
		{DBD0F842-3CDD-4D46-B0E6-1C876F15A837}.Release|Any CPU.Build.0 = Release|Any CPU
		{90EA8ECC-C31A-47E7-ABC0-7C1EAEEA54DD}.Debug|Any CPU.ActiveCfg = Debug|Any CPU
		{90EA8ECC-C31A-47E7-ABC0-7C1EAEEA54DD}.Debug|Any CPU.Build.0 = Debug|Any CPU
		{90EA8ECC-C31A-47E7-ABC0-7C1EAEEA54DD}.Release|Any CPU.ActiveCfg = Release|Any CPU
		{90EA8ECC-C31A-47E7-ABC0-7C1EAEEA54DD}.Release|Any CPU.Build.0 = Release|Any CPU
	EndGlobalSection
	GlobalSection(SolutionProperties) = preSolution
		HideSolutionNode = FALSE
	EndGlobalSection
	GlobalSection(ExtensibilityGlobals) = postSolution
		SolutionGuid = {088F7997-C4D4-413E-BC8D-ABB79D2C1F9C}
	EndGlobalSection
EndGlobal
